
Microsoft Visual Studio Solution File, Format Version 12.00
# Visual Studio 14
VisualStudioVersion = 14.0.25123.0
MinimumVisualStudioVersion = 10.0.40219.1
Project("{D1929E5D-8588-421D-BDC5-8ECD47A296A1}") = "Sitecore.Support.95494", "Sitecore.Support.95494\Sitecore.Support.95494.csproj", "{C6372DEF-3364-41E4-B55D-E1D702C3DA8F}"
EndProject
Global
	GlobalSection(SolutionConfigurationPlatforms) = preSolution
		Debug|Any CPU = Debug|Any CPU
		Release|Any CPU = Release|Any CPU
	EndGlobalSection
	GlobalSection(ProjectConfigurationPlatforms) = postSolution
		{C6372DEF-3364-41E4-B55D-E1D702C3DA8F}.Debug|Any CPU.ActiveCfg = Debug|Any CPU
		{C6372DEF-3364-41E4-B55D-E1D702C3DA8F}.Debug|Any CPU.Build.0 = Debug|Any CPU
		{C6372DEF-3364-41E4-B55D-E1D702C3DA8F}.Release|Any CPU.ActiveCfg = Release|Any CPU
		{C6372DEF-3364-41E4-B55D-E1D702C3DA8F}.Release|Any CPU.Build.0 = Release|Any CPU
	EndGlobalSection
	GlobalSection(SolutionProperties) = preSolution
		HideSolutionNode = FALSE
	EndGlobalSection
EndGlobal
